
Microsoft Visual Studio Solution File, Format Version 12.00
# Visual Studio 15
VisualStudioVersion = 15.0.27130.2010
MinimumVisualStudioVersion = 10.0.40219.1
Project("{FAE04EC0-301F-11D3-BF4B-00C04F79EFBC}") = "Sample", "Sample\Sample.csproj", "{73D6E1F7-DFE4-4148-A4AE-51CEF8DB5DA9}"
EndProject
Project("{FAE04EC0-301F-11D3-BF4B-00C04F79EFBC}") = "UWP", "UWP\UWP.csproj", "{9746247C-662C-4D72-BF7A-7A3CF7B17955}"
EndProject
Project("{FAE04EC0-301F-11D3-BF4B-00C04F79EFBC}") = "App", "App\App.csproj", "{82E22B8C-A0BC-4F92-94AD-FEC4E2AA8885}"
EndProject
Global
	GlobalSection(SolutionConfigurationPlatforms) = preSolution
		Debug|ARM = Debug|ARM
		Debug|x64 = Debug|x64
		Debug|x86 = Debug|x86
		Release|ARM = Release|ARM
		Release|x64 = Release|x64
		Release|x86 = Release|x86
	EndGlobalSection
	GlobalSection(ProjectConfigurationPlatforms) = postSolution
		{73D6E1F7-DFE4-4148-A4AE-51CEF8DB5DA9}.Debug|ARM.ActiveCfg = Debug|ARM
		{73D6E1F7-DFE4-4148-A4AE-51CEF8DB5DA9}.Debug|ARM.Build.0 = Debug|ARM
		{73D6E1F7-DFE4-4148-A4AE-51CEF8DB5DA9}.Debug|ARM.Deploy.0 = Debug|ARM
		{73D6E1F7-DFE4-4148-A4AE-51CEF8DB5DA9}.Debug|x64.ActiveCfg = Debug|x64
		{73D6E1F7-DFE4-4148-A4AE-51CEF8DB5DA9}.Debug|x64.Build.0 = Debug|x64
		{73D6E1F7-DFE4-4148-A4AE-51CEF8DB5DA9}.Debug|x64.Deploy.0 = Debug|x64
		{73D6E1F7-DFE4-4148-A4AE-51CEF8DB5DA9}.Debug|x86.ActiveCfg = Debug|x86
		{73D6E1F7-DFE4-4148-A4AE-51CEF8DB5DA9}.Debug|x86.Build.0 = Debug|x86
		{73D6E1F7-DFE4-4148-A4AE-51CEF8DB5DA9}.Debug|x86.Deploy.0 = Debug|x86
		{73D6E1F7-DFE4-4148-A4AE-51CEF8DB5DA9}.Release|ARM.ActiveCfg = Release|ARM
		{73D6E1F7-DFE4-4148-A4AE-51CEF8DB5DA9}.Release|ARM.Build.0 = Release|ARM
		{73D6E1F7-DFE4-4148-A4AE-51CEF8DB5DA9}.Release|ARM.Deploy.0 = Release|ARM
		{73D6E1F7-DFE4-4148-A4AE-51CEF8DB5DA9}.Release|x64.ActiveCfg = Release|x64
		{73D6E1F7-DFE4-4148-A4AE-51CEF8DB5DA9}.Release|x64.Build.0 = Release|x64
		{73D6E1F7-DFE4-4148-A4AE-51CEF8DB5DA9}.Release|x64.Deploy.0 = Release|x64
		{73D6E1F7-DFE4-4148-A4AE-51CEF8DB5DA9}.Release|x86.ActiveCfg = Release|x86
		{73D6E1F7-DFE4-4148-A4AE-51CEF8DB5DA9}.Release|x86.Build.0 = Release|x86
		{73D6E1F7-DFE4-4148-A4AE-51CEF8DB5DA9}.Release|x86.Deploy.0 = Release|x86
		{9746247C-662C-4D72-BF7A-7A3CF7B17955}.Debug|ARM.ActiveCfg = Debug|ARM
		{9746247C-662C-4D72-BF7A-7A3CF7B17955}.Debug|ARM.Build.0 = Debug|ARM
		{9746247C-662C-4D72-BF7A-7A3CF7B17955}.Debug|ARM.Deploy.0 = Debug|ARM
		{9746247C-662C-4D72-BF7A-7A3CF7B17955}.Debug|x64.ActiveCfg = Debug|x64
		{9746247C-662C-4D72-BF7A-7A3CF7B17955}.Debug|x64.Build.0 = Debug|x64
		{9746247C-662C-4D72-BF7A-7A3CF7B17955}.Debug|x64.Deploy.0 = Debug|x64
		{9746247C-662C-4D72-BF7A-7A3CF7B17955}.Debug|x86.ActiveCfg = Debug|x86
		{9746247C-662C-4D72-BF7A-7A3CF7B17955}.Debug|x86.Build.0 = Debug|x86
		{9746247C-662C-4D72-BF7A-7A3CF7B17955}.Debug|x86.Deploy.0 = Debug|x86
		{9746247C-662C-4D72-BF7A-7A3CF7B17955}.Release|ARM.ActiveCfg = Release|ARM
		{9746247C-662C-4D72-BF7A-7A3CF7B17955}.Release|ARM.Build.0 = Release|ARM
		{9746247C-662C-4D72-BF7A-7A3CF7B17955}.Release|ARM.Deploy.0 = Release|ARM
		{9746247C-662C-4D72-BF7A-7A3CF7B17955}.Release|x64.ActiveCfg = Release|x64
		{9746247C-662C-4D72-BF7A-7A3CF7B17955}.Release|x64.Build.0 = Release|x64
		{9746247C-662C-4D72-BF7A-7A3CF7B17955}.Release|x64.Deploy.0 = Release|x64
		{9746247C-662C-4D72-BF7A-7A3CF7B17955}.Release|x86.ActiveCfg = Release|x86
		{9746247C-662C-4D72-BF7A-7A3CF7B17955}.Release|x86.Build.0 = Release|x86
		{9746247C-662C-4D72-BF7A-7A3CF7B17955}.Release|x86.Deploy.0 = Release|x86
		{82E22B8C-A0BC-4F92-94AD-FEC4E2AA8885}.Debug|ARM.ActiveCfg = Debug|ARM
		{82E22B8C-A0BC-4F92-94AD-FEC4E2AA8885}.Debug|ARM.Build.0 = Debug|ARM
		{82E22B8C-A0BC-4F92-94AD-FEC4E2AA8885}.Debug|ARM.Deploy.0 = Debug|ARM
		{82E22B8C-A0BC-4F92-94AD-FEC4E2AA8885}.Debug|x64.ActiveCfg = Debug|x64
		{82E22B8C-A0BC-4F92-94AD-FEC4E2AA8885}.Debug|x64.Build.0 = Debug|x64
		{82E22B8C-A0BC-4F92-94AD-FEC4E2AA8885}.Debug|x64.Deploy.0 = Debug|x64
		{82E22B8C-A0BC-4F92-94AD-FEC4E2AA8885}.Debug|x86.ActiveCfg = Debug|x86
		{82E22B8C-A0BC-4F92-94AD-FEC4E2AA8885}.Debug|x86.Build.0 = Debug|x86
		{82E22B8C-A0BC-4F92-94AD-FEC4E2AA8885}.Debug|x86.Deploy.0 = Debug|x86
		{82E22B8C-A0BC-4F92-94AD-FEC4E2AA8885}.Release|ARM.ActiveCfg = Release|ARM
		{82E22B8C-A0BC-4F92-94AD-FEC4E2AA8885}.Release|ARM.Build.0 = Release|ARM
		{82E22B8C-A0BC-4F92-94AD-FEC4E2AA8885}.Release|ARM.Deploy.0 = Release|ARM
		{82E22B8C-A0BC-4F92-94AD-FEC4E2AA8885}.Release|x64.ActiveCfg = Release|x64
		{82E22B8C-A0BC-4F92-94AD-FEC4E2AA8885}.Release|x64.Build.0 = Release|x64
		{82E22B8C-A0BC-4F92-94AD-FEC4E2AA8885}.Release|x64.Deploy.0 = Release|x64
		{82E22B8C-A0BC-4F92-94AD-FEC4E2AA8885}.Release|x86.ActiveCfg = Release|x86
		{82E22B8C-A0BC-4F92-94AD-FEC4E2AA8885}.Release|x86.Build.0 = Release|x86
		{82E22B8C-A0BC-4F92-94AD-FEC4E2AA8885}.Release|x86.Deploy.0 = Release|x86
	EndGlobalSection
	GlobalSection(SolutionProperties) = preSolution
		HideSolutionNode = FALSE
	EndGlobalSection
	GlobalSection(ExtensibilityGlobals) = postSolution
		SolutionGuid = {DA9D88F4-0373-4DA8-B28E-8C4FB5AC0607}
	EndGlobalSection
EndGlobal
